
Microsoft Visual Studio Solution File, Format Version 12.00
# Visual Studio 15
VisualStudioVersion = 15.0.27004.2005
MinimumVisualStudioVersion = 10.0.40219.1
Project("{8BC9CEB8-8B4A-11D0-8D11-00A0C91BC942}") = "Lab4", "Lab4\Lab4.vcxproj", "{BC3B52DD-A929-45A4-A4FF-7DA27D14E65F}"
EndProject
Global
	GlobalSection(SolutionConfigurationPlatforms) = preSolution
		Debug|x64 = Debug|x64
		Debug|x86 = Debug|x86
		Release|x64 = Release|x64
		Release|x86 = Release|x86
	EndGlobalSection
	GlobalSection(ProjectConfigurationPlatforms) = postSolution
		{BC3B52DD-A929-45A4-A4FF-7DA27D14E65F}.Debug|x64.ActiveCfg = Debug|x64
		{BC3B52DD-A929-45A4-A4FF-7DA27D14E65F}.Debug|x64.Build.0 = Debug|x64
		{BC3B52DD-A929-45A4-A4FF-7DA27D14E65F}.Debug|x86.ActiveCfg = Debug|Win32
		{BC3B52DD-A929-45A4-A4FF-7DA27D14E65F}.Debug|x86.Build.0 = Debug|Win32
		{BC3B52DD-A929-45A4-A4FF-7DA27D14E65F}.Release|x64.ActiveCfg = Release|x64
		{BC3B52DD-A929-45A4-A4FF-7DA27D14E65F}.Release|x64.Build.0 = Release|x64
		{BC3B52DD-A929-45A4-A4FF-7DA27D14E65F}.Release|x86.ActiveCfg = Release|Win32
		{BC3B52DD-A929-45A4-A4FF-7DA27D14E65F}.Release|x86.Build.0 = Release|Win32
	EndGlobalSection
	GlobalSection(SolutionProperties) = preSolution
		HideSolutionNode = FALSE
	EndGlobalSection
	GlobalSection(ExtensibilityGlobals) = postSolution
		SolutionGuid = {2C1EA67E-621A-4515-A01E-E22A972B8573}
	EndGlobalSection
EndGlobal
